
Microsoft Visual Studio Solution File, Format Version 12.00
# Visual Studio 15
VisualStudioVersion = 15.0.26430.12
MinimumVisualStudioVersion = 10.0.40219.1
Project("{FAE04EC0-301F-11D3-BF4B-00C04F79EFBC}") = "BullsEye", "B17 Ex05 Hezi 203796701 Yair 203251343\BullsEye.csproj", "{6A6F7619-7CC5-4C4B-95C0-81B1DC93F0ED}"
EndProject
Project("{2150E333-8FDC-42A3-9474-1A3956D46DE8}") = "Solution Items", "Solution Items", "{9C8019C7-A135-44CA-A0B6-BA818E743B35}"
	ProjectSection(SolutionItems) = preProject
		SUBMIT DN MTA B17 Ex05 HeziDebby 203796701 YairKarshi 203251343.txt = SUBMIT DN MTA B17 Ex05 HeziDebby 203796701 YairKarshi 203251343.txt
	EndProjectSection
EndProject
Global
	GlobalSection(SolutionConfigurationPlatforms) = preSolution
		Debug|Any CPU = Debug|Any CPU
		Release|Any CPU = Release|Any CPU
	EndGlobalSection
	GlobalSection(ProjectConfigurationPlatforms) = postSolution
		{6A6F7619-7CC5-4C4B-95C0-81B1DC93F0ED}.Debug|Any CPU.ActiveCfg = Debug|Any CPU
		{6A6F7619-7CC5-4C4B-95C0-81B1DC93F0ED}.Debug|Any CPU.Build.0 = Debug|Any CPU
		{6A6F7619-7CC5-4C4B-95C0-81B1DC93F0ED}.Release|Any CPU.ActiveCfg = Release|Any CPU
		{6A6F7619-7CC5-4C4B-95C0-81B1DC93F0ED}.Release|Any CPU.Build.0 = Release|Any CPU
	EndGlobalSection
	GlobalSection(SolutionProperties) = preSolution
		HideSolutionNode = FALSE
	EndGlobalSection
EndGlobal
